
Microsoft Visual Studio Solution File, Format Version 12.00
# Visual Studio 15
VisualStudioVersion = 15.0.28307.329
MinimumVisualStudioVersion = 10.0.40219.1
Project("{9A19103F-16F7-4668-BE54-9A1E7A4F7556}") = "PTT.MainProject", "PTT.MainProject\PTT.MainProject.csproj", "{BD3AB954-84B6-4148-92E8-02A60EA5DE92}"
EndProject
Project("{9A19103F-16F7-4668-BE54-9A1E7A4F7556}") = "PPT.Database", "PPT.Database\PPT.Database.csproj", "{DDD4A497-56D5-461A-878B-24E40D1A0D08}"
EndProject
Global
	GlobalSection(SolutionConfigurationPlatforms) = preSolution
		Debug|Any CPU = Debug|Any CPU
		Release|Any CPU = Release|Any CPU
	EndGlobalSection
	GlobalSection(ProjectConfigurationPlatforms) = postSolution
		{BD3AB954-84B6-4148-92E8-02A60EA5DE92}.Debug|Any CPU.ActiveCfg = Debug|Any CPU
		{BD3AB954-84B6-4148-92E8-02A60EA5DE92}.Debug|Any CPU.Build.0 = Debug|Any CPU
		{BD3AB954-84B6-4148-92E8-02A60EA5DE92}.Release|Any CPU.ActiveCfg = Release|Any CPU
		{BD3AB954-84B6-4148-92E8-02A60EA5DE92}.Release|Any CPU.Build.0 = Release|Any CPU
		{DDD4A497-56D5-461A-878B-24E40D1A0D08}.Debug|Any CPU.ActiveCfg = Debug|Any CPU
		{DDD4A497-56D5-461A-878B-24E40D1A0D08}.Debug|Any CPU.Build.0 = Debug|Any CPU
		{DDD4A497-56D5-461A-878B-24E40D1A0D08}.Release|Any CPU.ActiveCfg = Release|Any CPU
		{DDD4A497-56D5-461A-878B-24E40D1A0D08}.Release|Any CPU.Build.0 = Release|Any CPU
	EndGlobalSection
	GlobalSection(SolutionProperties) = preSolution
		HideSolutionNode = FALSE
	EndGlobalSection
	GlobalSection(ExtensibilityGlobals) = postSolution
		SolutionGuid = {B950BAA7-64C1-4D2D-91D0-EFA95911F65A}
	EndGlobalSection
EndGlobal
